
Microsoft Visual Studio Solution File, Format Version 12.00
# Visual Studio Version 16
VisualStudioVersion = 16.0.30907.101
MinimumVisualStudioVersion = 10.0.40219.1
Project("{FAE04EC0-301F-11D3-BF4B-00C04F79EFBC}") = "A1HenryNguyen", "A1HenryNguyen\A1HenryNguyen.csproj", "{C0B6CE9B-93DD-4E92-81C8-36239F73900E}"
EndProject
Global
	GlobalSection(SolutionConfigurationPlatforms) = preSolution
		Debug|Any CPU = Debug|Any CPU
		Release|Any CPU = Release|Any CPU
	EndGlobalSection
	GlobalSection(ProjectConfigurationPlatforms) = postSolution
		{C0B6CE9B-93DD-4E92-81C8-36239F73900E}.Debug|Any CPU.ActiveCfg = Debug|Any CPU
		{C0B6CE9B-93DD-4E92-81C8-36239F73900E}.Debug|Any CPU.Build.0 = Debug|Any CPU
		{C0B6CE9B-93DD-4E92-81C8-36239F73900E}.Release|Any CPU.ActiveCfg = Release|Any CPU
		{C0B6CE9B-93DD-4E92-81C8-36239F73900E}.Release|Any CPU.Build.0 = Release|Any CPU
	EndGlobalSection
	GlobalSection(SolutionProperties) = preSolution
		HideSolutionNode = FALSE
	EndGlobalSection
	GlobalSection(ExtensibilityGlobals) = postSolution
		SolutionGuid = {3ED8A029-D30A-4740-9870-7E72F1BCAB2D}
	EndGlobalSection
EndGlobal
